PODS:
  - Alamofire (3.5.0)
  - SwiftyDropbox (3.3.1):
    - Alamofire (~> 3.5)

DEPENDENCIES:
  - SwiftyDropbox

SPEC CHECKSUMS:
  Alamofire: b70a7352335f8ea5babd0a923eb7e8eacc67b877
  SwiftyDropbox: ca12d0446a4966ed88998392dbbdd18b0b4bbb19

PODFILE CHECKSUM: f81a1430661a7bdabd1129f6bfe609f36318c934

COCOAPODS: 1.1.0.rc.2
