PODS:
  - Alamofire (3.3.1)
  - SwiftyDropbox (3.2.0):
    - Alamofire (~> 3.3.1)

DEPENDENCIES:
  - SwiftyDropbox

SPEC CHECKSUMS:
  Alamofire: 369bc67b6f5ac33ded3648d7bd21c5bfb91c2ecc
  SwiftyDropbox: fba9da0b1b72ae51edfeb1ee2a13aaef852ea6d7

PODFILE CHECKSUM: f81a1430661a7bdabd1129f6bfe609f36318c934

COCOAPODS: 1.0.1
